
Microsoft Visual Studio Solution File, Format Version 12.00
# Visual Studio Version 16
VisualStudioVersion = 16.0.31515.178
MinimumVisualStudioVersion = 10.0.40219.1
Project("{FAE04EC0-301F-11D3-BF4B-00C04F79EFBC}") = "CSVProject.Server", "CSVProject\Server\CSVProject.Server.csproj", "{B84646AE-CBF0-4000-93DB-BA95A21F526A}"
EndProject
Project("{FAE04EC0-301F-11D3-BF4B-00C04F79EFBC}") = "CSVProject.Client", "CSVProject\Client\CSVProject.Client.csproj", "{5498A245-616A-4291-B7D1-8648881EE341}"
EndProject
Project("{FAE04EC0-301F-11D3-BF4B-00C04F79EFBC}") = "CSVProject.Shared", "CSVProject\Shared\CSVProject.Shared.csproj", "{2B414A21-E264-4F9D-905E-10A6795F38B1}"
EndProject
Global
	GlobalSection(SolutionConfigurationPlatforms) = preSolution
		Debug|Any CPU = Debug|Any CPU
		Release|Any CPU = Release|Any CPU
	EndGlobalSection
	GlobalSection(ProjectConfigurationPlatforms) = postSolution
		{B84646AE-CBF0-4000-93DB-BA95A21F526A}.Debug|Any CPU.ActiveCfg = Debug|Any CPU
		{B84646AE-CBF0-4000-93DB-BA95A21F526A}.Debug|Any CPU.Build.0 = Debug|Any CPU
		{B84646AE-CBF0-4000-93DB-BA95A21F526A}.Release|Any CPU.ActiveCfg = Release|Any CPU
		{B84646AE-CBF0-4000-93DB-BA95A21F526A}.Release|Any CPU.Build.0 = Release|Any CPU
		{5498A245-616A-4291-B7D1-8648881EE341}.Debug|Any CPU.ActiveCfg = Debug|Any CPU
		{5498A245-616A-4291-B7D1-8648881EE341}.Debug|Any CPU.Build.0 = Debug|Any CPU
		{5498A245-616A-4291-B7D1-8648881EE341}.Release|Any CPU.ActiveCfg = Release|Any CPU
		{5498A245-616A-4291-B7D1-8648881EE341}.Release|Any CPU.Build.0 = Release|Any CPU
		{2B414A21-E264-4F9D-905E-10A6795F38B1}.Debug|Any CPU.ActiveCfg = Debug|Any CPU
		{2B414A21-E264-4F9D-905E-10A6795F38B1}.Debug|Any CPU.Build.0 = Debug|Any CPU
		{2B414A21-E264-4F9D-905E-10A6795F38B1}.Release|Any CPU.ActiveCfg = Release|Any CPU
		{2B414A21-E264-4F9D-905E-10A6795F38B1}.Release|Any CPU.Build.0 = Release|Any CPU
	EndGlobalSection
	GlobalSection(SolutionProperties) = preSolution
		HideSolutionNode = FALSE
	EndGlobalSection
	GlobalSection(ExtensibilityGlobals) = postSolution
		SolutionGuid = {824C17FF-71E6-45CA-83DF-1385825AC8DE}
	EndGlobalSection
EndGlobal
